
Microsoft Visual Studio Solution File, Format Version 12.00
# Visual Studio Version 16
VisualStudioVersion = 16.0.31702.278
MinimumVisualStudioVersion = 10.0.40219.1
Project("{FAE04EC0-301F-11D3-BF4B-00C04F79EFBC}") = "EncounterMeWF", "EncounterMeWF\EncounterMeWF.csproj", "{F3D7FDE6-C5CF-4A19-AFF4-47655B34DD51}"
EndProject
Project("{FAE04EC0-301F-11D3-BF4B-00C04F79EFBC}") = "BusinessLogic", "BusinessLogic\BusinessLogic.csproj", "{4D781F0C-9BEC-498C-84BE-FBB9F9A73A66}"
EndProject
Global
	GlobalSection(SolutionConfigurationPlatforms) = preSolution
		Debug|Any CPU = Debug|Any CPU
		Release|Any CPU = Release|Any CPU
	EndGlobalSection
	GlobalSection(ProjectConfigurationPlatforms) = postSolution
		{F3D7FDE6-C5CF-4A19-AFF4-47655B34DD51}.Debug|Any CPU.ActiveCfg = Debug|Any CPU
		{F3D7FDE6-C5CF-4A19-AFF4-47655B34DD51}.Debug|Any CPU.Build.0 = Debug|Any CPU
		{F3D7FDE6-C5CF-4A19-AFF4-47655B34DD51}.Release|Any CPU.ActiveCfg = Release|Any CPU
		{F3D7FDE6-C5CF-4A19-AFF4-47655B34DD51}.Release|Any CPU.Build.0 = Release|Any CPU
		{4D781F0C-9BEC-498C-84BE-FBB9F9A73A66}.Debug|Any CPU.ActiveCfg = Debug|Any CPU
		{4D781F0C-9BEC-498C-84BE-FBB9F9A73A66}.Debug|Any CPU.Build.0 = Debug|Any CPU
		{4D781F0C-9BEC-498C-84BE-FBB9F9A73A66}.Release|Any CPU.ActiveCfg = Release|Any CPU
		{4D781F0C-9BEC-498C-84BE-FBB9F9A73A66}.Release|Any CPU.Build.0 = Release|Any CPU
	EndGlobalSection
	GlobalSection(SolutionProperties) = preSolution
		HideSolutionNode = FALSE
	EndGlobalSection
	GlobalSection(ExtensibilityGlobals) = postSolution
		SolutionGuid = {4C87CEF3-529F-4F11-A299-89685C321AD6}
	EndGlobalSection
EndGlobal
